<?xml version="1.0" encoding="utf-8"?>
<Project ToolsVersion="4.0" xmlns="http://schemas.microsoft.com/developer/msbuild/2003">
  <ItemGroup>
    <Filter Include="Source Files">
      <UniqueIdentifier>{4FC737F1-C7A5-4376-A066-2A32D752A2FF}</UniqueIdentifier>
      <Extensions>cpp;c;cc;cxx;c++;cppm;ixx;def;odl;idl;hpj;bat;asm;asmx</Extensions>
    </Filter>
    <Filter Include="Header Files">
      <UniqueIdentifier>{93995380-89BD-4b04-88EB-625FBE52EBFB}</UniqueIdentifier>
      <Extensions>h;hh;hpp;hxx;h++;hm;inl;inc;ipp;xsd</Extensions>
    </Filter>
    <Filter Include="Resource Files">
      <UniqueIdentifier>{67DA6AB6-F800-4c08-8B7A-83BB121AAD01}</UniqueIdentifier>
      <Extensions>rc;ico;cur;bmp;dlg;rc2;rct;bin;rgs;gif;jpg;jpeg;jpe;resx;tiff;tif;png;wav;mfcribbon-ms</Extensions>
    </Filter>
    <Filter Include="Header Files\graphics">
      <UniqueIdentifier>{8c1c20ec-e054-4091-993f-70918455b804}</UniqueIdentifier>
    </Filter>
    <Filter Include="Header Files\utils">
      <UniqueIdentifier>{b0dd7abe-8e9e-4c9a-b29f-4db76e377b43}</UniqueIdentifier>
    </Filter>
    <Filter Include="Header Files\io">
      <UniqueIdentifier>{e4abc477-4b3c-4617-b7c8-4415c745ed77}</UniqueIdentifier>
    </Filter>
    <Filter Include="Header Files\objects">
      <UniqueIdentifier>{b143186d-51e1-4134-8059-50188c8fa539}</UniqueIdentifier>
    </Filter>
  </ItemGroup>
  <ItemGroup>
    <ClCompile Include="main.cpp">
      <Filter>Source Files</Filter>
    </ClCompile>
    <ClCompile Include="window.cpp">
      <Filter>Source Files</Filter>
    </ClCompile>
    <ClCompile Include="input.cpp">
      <Filter>Source Files</Filter>
    </ClCompile>
    <ClCompile Include="time.cpp">
      <Filter>Source Files</Filter>
    </ClCompile>
    <ClCompile Include="fileutils.cpp">
      <Filter>Source Files</Filter>
    </ClCompile>
    <ClCompile Include="shader.cpp">
      <Filter>Source Files</Filter>
    </ClCompile>
    <ClCompile Include="texturemodel.cpp">
      <Filter>Source Files</Filter>
    </ClCompile>
    <ClCompile Include="gameobject.cpp">
      <Filter>Source Files</Filter>
    </ClCompile>
    <ClCompile Include="transform.cpp">
      <Filter>Source Files</Filter>
    </ClCompile>
    <ClCompile Include="spriterenderer.cpp">
      <Filter>Source Files</Filter>
    </ClCompile>
    <ClCompile Include="component.cpp">
      <Filter>Source Files</Filter>
    </ClCompile>
  </ItemGroup>
  <ItemGroup>
    <ClInclude Include="shader.h">
      <Filter>Header Files\graphics</Filter>
    </ClInclude>
    <ClInclude Include="vector3.hpp">
      <Filter>Header Files</Filter>
    </ClInclude>
    <ClInclude Include="vector2.hpp">
      <Filter>Header Files</Filter>
    </ClInclude>
    <ClInclude Include="input.h">
      <Filter>Header Files\io</Filter>
    </ClInclude>
    <ClInclude Include="fileutils.h">
      <Filter>Header Files\utils</Filter>
    </ClInclude>
    <ClInclude Include="time.h">
      <Filter>Header Files\io</Filter>
    </ClInclude>
    <ClInclude Include="window.h">
      <Filter>Header Files\io</Filter>
    </ClInclude>
    <ClInclude Include="GLFW.h">
      <Filter>Header Files</Filter>
    </ClInclude>
    <ClInclude Include="mainFragment.glsl" />
    <ClInclude Include="mainVertex.glsl" />
    <ClInclude Include="texturemodel.h">
      <Filter>Header Files\graphics</Filter>
    </ClInclude>
    <ClInclude Include="gameobject.h">
      <Filter>Header Files\objects</Filter>
    </ClInclude>
    <ClInclude Include="spriterenderer.h">
      <Filter>Header Files\objects</Filter>
    </ClInclude>
    <ClInclude Include="transform.h">
      <Filter>Header Files\objects</Filter>
    </ClInclude>
    <ClInclude Include="component.h">
      <Filter>Header Files\objects</Filter>
    </ClInclude>
  </ItemGroup>
</Project>